// !$*UTF8*$!
{
	archiveVersion = 1;
	classes = {
	};
	objectVersion = 56;
	objects = {

/* Begin PBXBuildFile section */
		06388BB72C5C111A00788ABB /* FocusViewController.swift in Sources */ = {isa = PBXBuildFile; fileRef = 06388BB62C5C111A00788ABB /* FocusViewController.swift */; };
		065EA4092C56BD030051586C /* AppDelegate.swift in Sources */ = {isa = PBXBuildFile; fileRef = 065EA4082C56BD030051586C /* AppDelegate.swift */; };
		065EA40B2C56BD030051586C /* SceneDelegate.swift in Sources */ = {isa = PBXBuildFile; fileRef = 065EA40A2C56BD030051586C /* SceneDelegate.swift */; };
		065EA40D2C56BD030051586C /* ViewController.swift in Sources */ = {isa = PBXBuildFile; fileRef = 065EA40C2C56BD030051586C /* ViewController.swift */; };
		065EA4102C56BD030051586C /* Base in Resources */ = {isa = PBXBuildFile; fileRef = 065EA40F2C56BD030051586C /* Base */; };
		065EA4122C56BD040051586C /* Assets.xcassets in Resources */ = {isa = PBXBuildFile; fileRef = 065EA4112C56BD040051586C /* Assets.xcassets */; };
		065EA41D2C5831520051586C /* AddViewController.swift in Sources */ = {isa = PBXBuildFile; fileRef = 065EA41C2C5831520051586C /* AddViewController.swift */; };
		065EA41F2C5AE8D10051586C /* Launch Screen.storyboard in Resources */ = {isa = PBXBuildFile; fileRef = 065EA41E2C5AE8D10051586C /* Launch Screen.storyboard */; };
		068966DC2E4AFC9C00A6D8F2 /* Models.swift in Sources */ = {isa = PBXBuildFile; fileRef = 068966DB2E4AFC9B00A6D8F2 /* Models.swift */; };
		06B38FA12E4974120028BF88 /* HelpViewController.swift in Sources */ = {isa = PBXBuildFile; fileRef = 06B38FA02E4974120028BF88 /* HelpViewController.swift */; };
		06F3435B2E4AB274000DC9B8 /* AnalyticsViewController.swift in Sources */ = {isa = PBXBuildFile; fileRef = 06F3435A2E4AB273000DC9B8 /* AnalyticsViewController.swift */; };
/* End PBXBuildFile section */

/* Begin PBXFileReference section */
		06388BB62C5C111A00788ABB /* FocusViewController.swift */ = {isa = PBXFileReference; lastKnownFileType = sourcecode.swift; path = FocusViewController.swift; sourceTree = "<group>"; };
		065EA4052C56BD030051586C /* XProcrastinate.app */ = {isa = PBXFileReference; explicitFileType = wrapper.application; includeInIndex = 0; path = XProcrastinate.app; sourceTree = BUILT_PRODUCTS_DIR; };
		065EA4082C56BD030051586C /* AppDelegate.swift */ = {isa = PBXFileReference; lastKnownFileType = sourcecode.swift; path = AppDelegate.swift; sourceTree = "<group>"; };
		065EA40A2C56BD030051586C /* SceneDelegate.swift */ = {isa = PBXFileReference; lastKnownFileType = sourcecode.swift; path = SceneDelegate.swift; sourceTree = "<group>"; };
		065EA40C2C56BD030051586C /* ViewController.swift */ = {isa = PBXFileReference; lastKnownFileType = sourcecode.swift; path = ViewController.swift; sourceTree = "<group>"; };
		065EA40F2C56BD030051586C /* Base */ = {isa = PBXFileReference; lastKnownFileType = file.storyboard; name = Base; path = Base.lproj/Main.storyboard; sourceTree = "<group>"; };
		065EA4112C56BD040051586C /* Assets.xcassets */ = {isa = PBXFileReference; lastKnownFileType = folder.assetcatalog; path = Assets.xcassets; sourceTree = "<group>"; };
		065EA4162C56BD040051586C /* Info.plist */ = {isa = PBXFileReference; lastKnownFileType = text.plist.xml; path = Info.plist; sourceTree = "<group>"; };
		065EA41C2C5831520051586C /* AddViewController.swift */ = {isa = PBXFileReference; lastKnownFileType = sourcecode.swift; path = AddViewController.swift; sourceTree = "<group>"; };
		065EA41E2C5AE8D10051586C /* Launch Screen.storyboard */ = {isa = PBXFileReference; lastKnownFileType = file.storyboard; path = "Launch Screen.storyboard"; sourceTree = "<group>"; };
		068966DB2E4AFC9B00A6D8F2 /* Models.swift */ = {isa = PBXFileReference; lastKnownFileType = sourcecode.swift; path = Models.swift; sourceTree = "<group>"; };
		06B38FA02E4974120028BF88 /* HelpViewController.swift */ = {isa = PBXFileReference; lastKnownFileType = sourcecode.swift; path = HelpViewController.swift; sourceTree = "<group>"; };
		06F3435A2E4AB273000DC9B8 /* AnalyticsViewController.swift */ = {isa = PBXFileReference; lastKnownFileType = sourcecode.swift; path = AnalyticsViewController.swift; sourceTree = "<group>"; };
/* End PBXFileReference section */

/* Begin PBXFrameworksBuildPhase section */
		065EA4022C56BD030051586C /* Frameworks */ = {
			isa = PBXFrameworksBuildPhase;
			buildActionMask = 2147483647;
			files = (
			);
			runOnlyForDeploymentPostprocessing = 0;
		};
/* End PBXFrameworksBuildPhase section */

/* Begin PBXGroup section */
		065EA3FC2C56BD030051586C = {
			isa = PBXGroup;
			children = (
				065EA4072C56BD030051586C /* XProcastinate */,
				065EA4062C56BD030051586C /* Products */,
			);
			sourceTree = "<group>";
		};
		065EA4062C56BD030051586C /* Products */ = {
			isa = PBXGroup;
			children = (
				065EA4052C56BD030051586C /* XProcrastinate.app */,
			);
			name = Products;
			sourceTree = "<group>";
		};
		065EA4072C56BD030051586C /* XProcastinate */ = {
			isa = PBXGroup;
			children = (
				065EA4082C56BD030051586C /* AppDelegate.swift */,
				065EA40A2C56BD030051586C /* SceneDelegate.swift */,
				065EA40C2C56BD030051586C /* ViewController.swift */,
				06F3435A2E4AB273000DC9B8 /* AnalyticsViewController.swift */,
				065EA40E2C56BD030051586C /* Main.storyboard */,
				065EA41E2C5AE8D10051586C /* Launch Screen.storyboard */,
				065EA4112C56BD040051586C /* Assets.xcassets */,
				065EA4162C56BD040051586C /* Info.plist */,
				065EA41C2C5831520051586C /* AddViewController.swift */,
				06388BB62C5C111A00788ABB /* FocusViewController.swift */,
				06B38FA02E4974120028BF88 /* HelpViewController.swift */,
				068966DB2E4AFC9B00A6D8F2 /* Models.swift */,
			);
			path = XProcastinate;
			sourceTree = "<group>";
		};
/* End PBXGroup section */

/* Begin PBXNativeTarget section */
		065EA4042C56BD030051586C /* XProcrastinate */ = {
			isa = PBXNativeTarget;
			buildConfigurationList = 065EA4192C56BD040051586C /* Build configuration list for PBXNativeTarget "XProcrastinate" */;
			buildPhases = (
				065EA4012C56BD030051586C /* Sources */,
				065EA4022C56BD030051586C /* Frameworks */,
				065EA4032C56BD030051586C /* Resources */,
			);
			buildRules = (
			);
			dependencies = (
			);
			name = XProcrastinate;
			productName = XProcastinate;
			productReference = 065EA4052C56BD030051586C /* XProcrastinate.app */;
			productType = "com.apple.product-type.application";
		};
/* End PBXNativeTarget section */

/* Begin PBXProject section */
		065EA3FD2C56BD030051586C /* Project object */ = {
			isa = PBXProject;
			attributes = {
				BuildIndependentTargetsInParallel = 1;
				KnownAssetTags = (
					New,
				);
				LastSwiftUpdateCheck = 1540;
				LastUpgradeCheck = 1540;
				TargetAttributes = {
					065EA4042C56BD030051586C = {
						CreatedOnToolsVersion = 15.4;
					};
				};
			};
			buildConfigurationList = 065EA4002C56BD030051586C /* Build configuration list for PBXProject "XProcastinate" */;
			compatibilityVersion = "Xcode 14.0";
			developmentRegion = en;
			hasScannedForEncodings = 0;
			knownRegions = (
				en,
				Base,
			);
			mainGroup = 065EA3FC2C56BD030051586C;
			packageReferences = (
			);
			productRefGroup = 065EA4062C56BD030051586C /* Products */;
			projectDirPath = "";
			projectRoot = "";
			targets = (
				065EA4042C56BD030051586C /* XProcrastinate */,
			);
		};
/* End PBXProject section */

/* Begin PBXResourcesBuildPhase section */
		065EA4032C56BD030051586C /* Resources */ = {
			isa = PBXResourcesBuildPhase;
			buildActionMask = 2147483647;
			files = (
				065EA41F2C5AE8D10051586C /* Launch Screen.storyboard in Resources */,
				065EA4122C56BD040051586C /* Assets.xcassets in Resources */,
				065EA4102C56BD030051586C /* Base in Resources */,
			);
			runOnlyForDeploymentPostprocessing = 0;
		};
/* End PBXResourcesBuildPhase section */

/* Begin PBXSourcesBuildPhase section */
		065EA4012C56BD030051586C /* Sources */ = {
			isa = PBXSourcesBuildPhase;
			buildActionMask = 2147483647;
			files = (
				065EA40D2C56BD030051586C /* ViewController.swift in Sources */,
				06B38FA12E4974120028BF88 /* HelpViewController.swift in Sources */,
				06F3435B2E4AB274000DC9B8 /* AnalyticsViewController.swift in Sources */,
				068966DC2E4AFC9C00A6D8F2 /* Models.swift in Sources */,
				06388BB72C5C111A00788ABB /* FocusViewController.swift in Sources */,
				065EA4092C56BD030051586C /* AppDelegate.swift in Sources */,
				065EA41D2C5831520051586C /* AddViewController.swift in Sources */,
				065EA40B2C56BD030051586C /* SceneDelegate.swift in Sources */,
			);
			runOnlyForDeploymentPostprocessing = 0;
		};
/* End PBXSourcesBuildPhase section */

/* Begin PBXVariantGroup section */
		065EA40E2C56BD030051586C /* Main.storyboard */ = {
			isa = PBXVariantGroup;
			children = (
				065EA40F2C56BD030051586C /* Base */,
			);
			name = Main.storyboard;
			sourceTree = "<group>";
		};
/* End PBXVariantGroup section */

/* Begin XCBuildConfiguration section */
		065EA4172C56BD040051586C /* Debug */ = {
			isa = XCBuildConfiguration;
			buildSettings = {
				ALWAYS_SEARCH_USER_PATHS = NO;
				ASSETCATALOG_COMPILER_GENERATE_SWIFT_ASSET_SYMBOL_EXTENSIONS = YES;
				CLANG_ANALYZER_NONNULL = YES;
				CLANG_ANALYZER_NUMBER_OBJECT_CONVERSION = YES_AGGRESSIVE;
				CLANG_CXX_LANGUAGE_STANDARD = "gnu++20";
				CLANG_ENABLE_MODULES = YES;
				CLANG_ENABLE_OBJC_ARC = YES;
				CLANG_ENABLE_OBJC_WEAK = YES;
				CLANG_WARN_BLOCK_CAPTURE_AUTORELEASING = YES;
				CLANG_WARN_BOOL_CONVERSION = YES;
				CLANG_WARN_COMMA = YES;
				CLANG_WARN_CONSTANT_CONVERSION = YES;
				CLANG_WARN_DEPRECATED_OBJC_IMPLEMENTATIONS = YES;
				CLANG_WARN_DIRECT_OBJC_ISA_USAGE = YES_ERROR;
				CLANG_WARN_DOCUMENTATION_COMMENTS = YES;
				CLANG_WARN_EMPTY_BODY = YES;
				CLANG_WARN_ENUM_CONVERSION = YES;
				CLANG_WARN_INFINITE_RECURSION = YES;
				CLANG_WARN_INT_CONVERSION = YES;
				CLANG_WARN_NON_LITERAL_NULL_CONVERSION = YES;
				CLANG_WARN_OBJC_IMPLICIT_RETAIN_SELF = YES;
				CLANG_WARN_OBJC_LITERAL_CONVERSION = YES;
				CLANG_WARN_OBJC_ROOT_CLASS = YES_ERROR;
				CLANG_WARN_QUOTED_INCLUDE_IN_FRAMEWORK_HEADER = YES;
				CLANG_WARN_RANGE_LOOP_ANALYSIS = YES;
				CLANG_WARN_STRICT_PROTOTYPES = YES;
				CLANG_WARN_SUSPICIOUS_MOVE = YES;
				CLANG_WARN_UNGUARDED_AVAILABILITY = YES_AGGRESSIVE;
				CLANG_WARN_UNREACHABLE_CODE = YES;
				CLANG_WARN__DUPLICATE_METHOD_MATCH = YES;
				COPY_PHASE_STRIP = NO;
				DEBUG_INFORMATION_FORMAT = dwarf;
				ENABLE_STRICT_OBJC_MSGSEND = YES;
				ENABLE_TESTABILITY = YES;
				ENABLE_USER_SCRIPT_SANDBOXING = YES;
				GCC_C_LANGUAGE_STANDARD = gnu17;
				GCC_DYNAMIC_NO_PIC = NO;
				GCC_NO_COMMON_BLOCKS = YES;
				GCC_OPTIMIZATION_LEVEL = 0;
				GCC_PREPROCESSOR_DEFINITIONS = (
					"DEBUG=1",
					"$(inherited)",
				);
				GCC_WARN_64_TO_32_BIT_CONVERSION = YES;
				GCC_WARN_ABOUT_RETURN_TYPE = YES_ERROR;
				GCC_WARN_UNDECLARED_SELECTOR = YES;
				GCC_WARN_UNINITIALIZED_AUTOS = YES_AGGRESSIVE;
				GCC_WARN_UNUSED_FUNCTION = YES;
				GCC_WARN_UNUSED_VARIABLE = YES;
				IPHONEOS_DEPLOYMENT_TARGET = 16.0;
				LOCALIZATION_PREFERS_STRING_CATALOGS = YES;
				MTL_ENABLE_DEBUG_INFO = INCLUDE_SOURCE;
				MTL_FAST_MATH = YES;
				ONLY_ACTIVE_ARCH = YES;
				SDKROOT = iphoneos;
				SWIFT_ACTIVE_COMPILATION_CONDITIONS = "DEBUG $(inherited)";
				SWIFT_OPTIMIZATION_LEVEL = "-Onone";
			};
			name = Debug;
		};
		065EA4182C56BD040051586C /* Release */ = {
			isa = XCBuildConfiguration;
			buildSettings = {
				ALWAYS_SEARCH_USER_PATHS = NO;
				ASSETCATALOG_COMPILER_GENERATE_SWIFT_ASSET_SYMBOL_EXTENSIONS = YES;
				CLANG_ANALYZER_NONNULL = YES;
				CLANG_ANALYZER_NUMBER_OBJECT_CONVERSION = YES_AGGRESSIVE;
				CLANG_CXX_LANGUAGE_STANDARD = "gnu++20";
				CLANG_ENABLE_MODULES = YES;
				CLANG_ENABLE_OBJC_ARC = YES;
				CLANG_ENABLE_OBJC_WEAK = YES;
				CLANG_WARN_BLOCK_CAPTURE_AUTORELEASING = YES;
				CLANG_WARN_BOOL_CONVERSION = YES;
				CLANG_WARN_COMMA = YES;
				CLANG_WARN_CONSTANT_CONVERSION = YES;
				CLANG_WARN_DEPRECATED_OBJC_IMPLEMENTATIONS = YES;
				CLANG_WARN_DIRECT_OBJC_ISA_USAGE = YES_ERROR;
				CLANG_WARN_DOCUMENTATION_COMMENTS = YES;
				CLANG_WARN_EMPTY_BODY = YES;
				CLANG_WARN_ENUM_CONVERSION = YES;
				CLANG_WARN_INFINITE_RECURSION = YES;
				CLANG_WARN_INT_CONVERSION = YES;
				CLANG_WARN_NON_LITERAL_NULL_CONVERSION = YES;
				CLANG_WARN_OBJC_IMPLICIT_RETAIN_SELF = YES;
				CLANG_WARN_OBJC_LITERAL_CONVERSION = YES;
				CLANG_WARN_OBJC_ROOT_CLASS = YES_ERROR;
				CLANG_WARN_QUOTED_INCLUDE_IN_FRAMEWORK_HEADER = YES;
				CLANG_WARN_RANGE_LOOP_ANALYSIS = YES;
				CLANG_WARN_STRICT_PROTOTYPES = YES;
				CLANG_WARN_SUSPICIOUS_MOVE = YES;
				CLANG_WARN_UNGUARDED_AVAILABILITY = YES_AGGRESSIVE;
				CLANG_WARN_UNREACHABLE_CODE = YES;
				CLANG_WARN__DUPLICATE_METHOD_MATCH = YES;
				COPY_PHASE_STRIP = NO;
				DEBUG_INFORMATION_FORMAT = "dwarf-with-dsym";
				ENABLE_NS_ASSERTIONS = NO;
				ENABLE_STRICT_OBJC_MSGSEND = YES;
				ENABLE_TESTABILITY = YES;
				ENABLE_USER_SCRIPT_SANDBOXING = YES;
				GCC_C_LANGUAGE_STANDARD = gnu17;
				GCC_NO_COMMON_BLOCKS = YES;
				GCC_WARN_64_TO_32_BIT_CONVERSION = YES;
				GCC_WARN_ABOUT_RETURN_TYPE = YES_ERROR;
				GCC_WARN_UNDECLARED_SELECTOR = YES;
				GCC_WARN_UNINITIALIZED_AUTOS = YES_AGGRESSIVE;
				GCC_WARN_UNUSED_FUNCTION = YES;
				GCC_WARN_UNUSED_VARIABLE = YES;
				IPHONEOS_DEPLOYMENT_TARGET = 16.0;
				LOCALIZATION_PREFERS_STRING_CATALOGS = YES;
				MTL_ENABLE_DEBUG_INFO = NO;
				MTL_FAST_MATH = YES;
				SDKROOT = iphoneos;
				SWIFT_COMPILATION_MODE = wholemodule;
				VALIDATE_PRODUCT = YES;
			};
			name = Release;
		};
		065EA41A2C56BD040051586C /* Debug */ = {
			isa = XCBuildConfiguration;
			buildSettings = {
				ASSETCATALOG_COMPILER_APPICON_NAME = AppIcon;
				ASSETCATALOG_COMPILER_GLOBAL_ACCENT_COLOR_NAME = AccentColor;
				CODE_SIGN_STYLE = Automatic;
				CURRENT_PROJECT_VERSION = 5;
				DEVELOPMENT_TEAM = 3VBGJY5RBH;
				GENERATE_INFOPLIST_FILE = YES;
				INFOPLIST_FILE = XProcastinate/Info.plist;
				INFOPLIST_KEY_CFBundleDisplayName = XProcrastination;
				INFOPLIST_KEY_LSApplicationCategoryType = "public.app-category.education";
				INFOPLIST_KEY_UIApplicationSupportsIndirectInputEvents = YES;
				INFOPLIST_KEY_UILaunchStoryboardName = "Launch Screen.storyboard";
				INFOPLIST_KEY_UIMainStoryboardFile = Main;
				INFOPLIST_KEY_UIStatusBarStyle = UIStatusBarStyleDarkContent;
				INFOPLIST_KEY_UISupportedInterfaceOrientations = UIInterfaceOrientationPortrait;
				IPHONEOS_DEPLOYMENT_TARGET = 16.0;
				LD_RUNPATH_SEARCH_PATHS = (
					"$(inherited)",
					"@executable_path/Frameworks",
				);
				MARKETING_VERSION = 2.2;
				PRODUCT_BUNDLE_IDENTIFIER = nayan.kasireddi.XProcrastinate;
				PRODUCT_NAME = "$(TARGET_NAME)";
				SUPPORTED_PLATFORMS = "iphoneos iphonesimulator";
				SUPPORTS_MACCATALYST = NO;
				SUPPORTS_MAC_DESIGNED_FOR_IPHONE_IPAD = NO;
				SUPPORTS_XR_DESIGNED_FOR_IPHONE_IPAD = NO;
				SWIFT_EMIT_LOC_STRINGS = YES;
				SWIFT_VERSION = 5.0;
				TARGETED_DEVICE_FAMILY = 1;
			};
			name = Debug;
		};
		065EA41B2C56BD040051586C /* Release */ = {
			isa = XCBuildConfiguration;
			buildSettings = {
				ASSETCATALOG_COMPILER_APPICON_NAME = AppIcon;
				ASSETCATALOG_COMPILER_GLOBAL_ACCENT_COLOR_NAME = AccentColor;
				CODE_SIGN_STYLE = Automatic;
				CURRENT_PROJECT_VERSION = 5;
				DEVELOPMENT_TEAM = 3VBGJY5RBH;
				GENERATE_INFOPLIST_FILE = YES;
				INFOPLIST_FILE = XProcastinate/Info.plist;
				INFOPLIST_KEY_CFBundleDisplayName = XProcrastination;
				INFOPLIST_KEY_LSApplicationCategoryType = "public.app-category.education";
				INFOPLIST_KEY_UIApplicationSupportsIndirectInputEvents = YES;
				INFOPLIST_KEY_UILaunchStoryboardName = "Launch Screen.storyboard";
				INFOPLIST_KEY_UIMainStoryboardFile = Main;
				INFOPLIST_KEY_UIStatusBarStyle = UIStatusBarStyleDarkContent;
				INFOPLIST_KEY_UISupportedInterfaceOrientations = UIInterfaceOrientationPortrait;
				IPHONEOS_DEPLOYMENT_TARGET = 16.0;
				LD_RUNPATH_SEARCH_PATHS = (
					"$(inherited)",
					"@executable_path/Frameworks",
				);
				MARKETING_VERSION = 2.2;
				PRODUCT_BUNDLE_IDENTIFIER = nayan.kasireddi.XProcrastinate;
				PRODUCT_NAME = "$(TARGET_NAME)";
				SUPPORTED_PLATFORMS = "iphoneos iphonesimulator";
				SUPPORTS_MACCATALYST = NO;
				SUPPORTS_MAC_DESIGNED_FOR_IPHONE_IPAD = NO;
				SUPPORTS_XR_DESIGNED_FOR_IPHONE_IPAD = NO;
				SWIFT_EMIT_LOC_STRINGS = YES;
				SWIFT_VERSION = 5.0;
				TARGETED_DEVICE_FAMILY = 1;
			};
			name = Release;
		};
/* End XCBuildConfiguration section */

/* Begin XCConfigurationList section */
		065EA4002C56BD030051586C /* Build configuration list for PBXProject "XProcastinate" */ = {
			isa = XCConfigurationList;
			buildConfigurations = (
				065EA4172C56BD040051586C /* Debug */,
				065EA4182C56BD040051586C /* Release */,
			);
			defaultConfigurationIsVisible = 0;
			defaultConfigurationName = Release;
		};
		065EA4192C56BD040051586C /* Build configuration list for PBXNativeTarget "XProcrastinate" */ = {
			isa = XCConfigurationList;
			buildConfigurations = (
				065EA41A2C56BD040051586C /* Debug */,
				065EA41B2C56BD040051586C /* Release */,
			);
			defaultConfigurationIsVisible = 0;
			defaultConfigurationName = Release;
		};
/* End XCConfigurationList section */
	};
	rootObject = 065EA3FD2C56BD030051586C /* Project object */;
}
